
Microsoft Visual Studio Solution File, Format Version 12.00
# Visual Studio Version 16
VisualStudioVersion = 16.0.31911.196
MinimumVisualStudioVersion = 10.0.40219.1
Project("{FAE04EC0-301F-11D3-BF4B-00C04F79EFBC}") = "ConsoleApp5", "ConsoleApp5.csproj", "{7146A352-169A-4781-9D5A-84AA8E522321}"
EndProject
Global
	GlobalSection(SolutionConfigurationPlatforms) = preSolution
		Debug|Any CPU = Debug|Any CPU
		Release|Any CPU = Release|Any CPU
	EndGlobalSection
	GlobalSection(ProjectConfigurationPlatforms) = postSolution
		{7146A352-169A-4781-9D5A-84AA8E522321}.Debug|Any CPU.ActiveCfg = Debug|Any CPU
		{7146A352-169A-4781-9D5A-84AA8E522321}.Debug|Any CPU.Build.0 = Debug|Any CPU
		{7146A352-169A-4781-9D5A-84AA8E522321}.Release|Any CPU.ActiveCfg = Release|Any CPU
		{7146A352-169A-4781-9D5A-84AA8E522321}.Release|Any CPU.Build.0 = Release|Any CPU
	EndGlobalSection
	GlobalSection(SolutionProperties) = preSolution
		HideSolutionNode = FALSE
	EndGlobalSection
	GlobalSection(ExtensibilityGlobals) = postSolution
		SolutionGuid = {A56D61DF-16F4-4420-9AA5-528095F05452}
	EndGlobalSection
EndGlobal
